
Microsoft Visual Studio Solution File, Format Version 12.00
# Visual Studio 15
VisualStudioVersion = 15.0.28010.2026
MinimumVisualStudioVersion = 10.0.40219.1
Project("{FAE04EC0-301F-11D3-BF4B-00C04F79EFBC}") = "Win32API", "Win32API.csproj", "{C68FB110-EDE1-4A83-A418-41DF81C7C32A}"
EndProject
Project("{FAE04EC0-301F-11D3-BF4B-00C04F79EFBC}") = "Tugas1", "Tugas1\Tugas1.csproj", "{E98E7730-0B1E-4FC6-A617-4ECB54036C86}"
EndProject
Project("{FAE04EC0-301F-11D3-BF4B-00C04F79EFBC}") = "Tugas2", "Tugas2\Tugas2.csproj", "{BD036E5A-77CF-4856-A968-57C7BCDF52E6}"
EndProject
Project("{FAE04EC0-301F-11D3-BF4B-00C04F79EFBC}") = "Tugas3", "Tugas3\Tugas3.csproj", "{17099304-3D20-4ABA-96FA-B85263241320}"
EndProject
Project("{FAE04EC0-301F-11D3-BF4B-00C04F79EFBC}") = "Testing", "..\Testing\Testing.csproj", "{F350FD0D-5E34-4766-BBFB-57765E6AD10F}"
EndProject
Project("{FAE04EC0-301F-11D3-BF4B-00C04F79EFBC}") = "FileExplorer", "FileExplorer\FileExplorer.csproj", "{246605A7-FBC3-45C3-B574-88B941BFC5EC}"
EndProject
Global
	GlobalSection(SolutionConfigurationPlatforms) = preSolution
		Debug|Any CPU = Debug|Any CPU
		Release|Any CPU = Release|Any CPU
	EndGlobalSection
	GlobalSection(ProjectConfigurationPlatforms) = postSolution
		{C68FB110-EDE1-4A83-A418-41DF81C7C32A}.Debug|Any CPU.ActiveCfg = Debug|Any CPU
		{C68FB110-EDE1-4A83-A418-41DF81C7C32A}.Debug|Any CPU.Build.0 = Debug|Any CPU
		{C68FB110-EDE1-4A83-A418-41DF81C7C32A}.Release|Any CPU.ActiveCfg = Release|Any CPU
		{C68FB110-EDE1-4A83-A418-41DF81C7C32A}.Release|Any CPU.Build.0 = Release|Any CPU
		{E98E7730-0B1E-4FC6-A617-4ECB54036C86}.Debug|Any CPU.ActiveCfg = Debug|Any CPU
		{E98E7730-0B1E-4FC6-A617-4ECB54036C86}.Debug|Any CPU.Build.0 = Debug|Any CPU
		{E98E7730-0B1E-4FC6-A617-4ECB54036C86}.Release|Any CPU.ActiveCfg = Release|Any CPU
		{E98E7730-0B1E-4FC6-A617-4ECB54036C86}.Release|Any CPU.Build.0 = Release|Any CPU
		{BD036E5A-77CF-4856-A968-57C7BCDF52E6}.Debug|Any CPU.ActiveCfg = Debug|Any CPU
		{BD036E5A-77CF-4856-A968-57C7BCDF52E6}.Debug|Any CPU.Build.0 = Debug|Any CPU
		{BD036E5A-77CF-4856-A968-57C7BCDF52E6}.Release|Any CPU.ActiveCfg = Release|Any CPU
		{BD036E5A-77CF-4856-A968-57C7BCDF52E6}.Release|Any CPU.Build.0 = Release|Any CPU
		{17099304-3D20-4ABA-96FA-B85263241320}.Debug|Any CPU.ActiveCfg = Debug|Any CPU
		{17099304-3D20-4ABA-96FA-B85263241320}.Debug|Any CPU.Build.0 = Debug|Any CPU
		{17099304-3D20-4ABA-96FA-B85263241320}.Release|Any CPU.ActiveCfg = Release|Any CPU
		{17099304-3D20-4ABA-96FA-B85263241320}.Release|Any CPU.Build.0 = Release|Any CPU
		{F350FD0D-5E34-4766-BBFB-57765E6AD10F}.Debug|Any CPU.ActiveCfg = Debug|Any CPU
		{F350FD0D-5E34-4766-BBFB-57765E6AD10F}.Debug|Any CPU.Build.0 = Debug|Any CPU
		{F350FD0D-5E34-4766-BBFB-57765E6AD10F}.Release|Any CPU.ActiveCfg = Release|Any CPU
		{F350FD0D-5E34-4766-BBFB-57765E6AD10F}.Release|Any CPU.Build.0 = Release|Any CPU
		{246605A7-FBC3-45C3-B574-88B941BFC5EC}.Debug|Any CPU.ActiveCfg = Debug|Any CPU
		{246605A7-FBC3-45C3-B574-88B941BFC5EC}.Debug|Any CPU.Build.0 = Debug|Any CPU
		{246605A7-FBC3-45C3-B574-88B941BFC5EC}.Release|Any CPU.ActiveCfg = Release|Any CPU
		{246605A7-FBC3-45C3-B574-88B941BFC5EC}.Release|Any CPU.Build.0 = Release|Any CPU
	EndGlobalSection
	GlobalSection(SolutionProperties) = preSolution
		HideSolutionNode = FALSE
	EndGlobalSection
	GlobalSection(ExtensibilityGlobals) = postSolution
		SolutionGuid = {E9344898-3B18-4DF9-8828-C186D97855A8}
	EndGlobalSection
EndGlobal
